[[package]]
name = "pyside2"
version = "5.12.2"
description = "Python bindings for the Qt cross-platform application and UI framework"
category = "main"
optional = false
python-versions = "*"

[package.dependencies]
shiboken2 = "5.12.2"

[[package]]
name = "pyuic5-tool"
version = "0.0.1"
description = "An automation tool for pyuic5 command"
category = "main"
optional = false
python-versions = ">=3.6"

[[package]]
name = "shiboken2"
version = "5.12.2"
description = "Python / C++ bindings helper module"
category = "main"
optional = false
python-versions = "*"

[metadata]
lock-version = "1.1"
python-versions = ">=3.6, <=3.7.7"
content-hash = "0a96bdce8dc260e7bdfbc23f83ff3ec2b11dcfff4c313b8110d8fd5155604f75"

[metadata.files]
pyside2 = []
pyuic5-tool = []
shiboken2 = []
